
Microsoft Visual Studio Solution File, Format Version 12.00
# Visual Studio 15
Project("{FAE04EC0-301F-11D3-BF4B-00C04F79EFBC}") = "ProxyStation", "ProxyStationService\ProxyStation.csproj", "{4E62EA9E-A65A-4189-BE9B-89436636F723}"
EndProject
Project("{FAE04EC0-301F-11D3-BF4B-00C04F79EFBC}") = "ProxyStationService.Tests", "ProxyStationService.Tests\ProxyStationService.Tests.csproj", "{87972193-813F-4DC9-B009-58040E37E9C2}"
EndProject
Global
	GlobalSection(SolutionConfigurationPlatforms) = preSolution
		Debug|Any CPU = Debug|Any CPU
		Release|Any CPU = Release|Any CPU
	EndGlobalSection
	GlobalSection(ProjectConfigurationPlatforms) = postSolution
		{312F7A1D-63F1-42E9-B6CE-36CF450CEF6F}.Debug|Any CPU.ActiveCfg = Debug|Any CPU
		{312F7A1D-63F1-42E9-B6CE-36CF450CEF6F}.Debug|Any CPU.Build.0 = Debug|Any CPU
		{312F7A1D-63F1-42E9-B6CE-36CF450CEF6F}.Release|Any CPU.ActiveCfg = Release|Any CPU
		{312F7A1D-63F1-42E9-B6CE-36CF450CEF6F}.Release|Any CPU.Build.0 = Release|Any CPU
		{42D8FC55-29D1-4800-B284-F58FE8980992}.Debug|Any CPU.ActiveCfg = Debug|Any CPU
		{42D8FC55-29D1-4800-B284-F58FE8980992}.Debug|Any CPU.Build.0 = Debug|Any CPU
		{42D8FC55-29D1-4800-B284-F58FE8980992}.Release|Any CPU.ActiveCfg = Release|Any CPU
		{42D8FC55-29D1-4800-B284-F58FE8980992}.Release|Any CPU.Build.0 = Release|Any CPU
		{4E62EA9E-A65A-4189-BE9B-89436636F723}.Debug|Any CPU.ActiveCfg = Debug|Any CPU
		{4E62EA9E-A65A-4189-BE9B-89436636F723}.Debug|Any CPU.Build.0 = Debug|Any CPU
		{4E62EA9E-A65A-4189-BE9B-89436636F723}.Release|Any CPU.ActiveCfg = Release|Any CPU
		{4E62EA9E-A65A-4189-BE9B-89436636F723}.Release|Any CPU.Build.0 = Release|Any CPU
		{87972193-813F-4DC9-B009-58040E37E9C2}.Debug|Any CPU.ActiveCfg = Debug|Any CPU
		{87972193-813F-4DC9-B009-58040E37E9C2}.Debug|Any CPU.Build.0 = Debug|Any CPU
		{87972193-813F-4DC9-B009-58040E37E9C2}.Release|Any CPU.ActiveCfg = Release|Any CPU
		{87972193-813F-4DC9-B009-58040E37E9C2}.Release|Any CPU.Build.0 = Release|Any CPU
	EndGlobalSection
EndGlobal
